
Microsoft Visual Studio Solution File, Format Version 12.00
Project("{FAE04EC0-301F-11D3-BF4B-00C04F79EFBC}") = "Mowrer.WVCC.Challenges.PasswordGenerator", "Mowrer.WVCC.Challenges.PasswordGenerator.csproj", "{8A37EF98-1130-484C-9D0B-98C71247508F}"
EndProject
Global
	GlobalSection(SolutionConfigurationPlatforms) = preSolution
		Debug|Any CPU = Debug|Any CPU
		Release|Any CPU = Release|Any CPU
	EndGlobalSection
	GlobalSection(ProjectConfigurationPlatforms) = postSolution
		{8A37EF98-1130-484C-9D0B-98C71247508F}.Debug|Any CPU.ActiveCfg = Debug|Any CPU
		{8A37EF98-1130-484C-9D0B-98C71247508F}.Debug|Any CPU.Build.0 = Debug|Any CPU
		{8A37EF98-1130-484C-9D0B-98C71247508F}.Release|Any CPU.ActiveCfg = Release|Any CPU
		{8A37EF98-1130-484C-9D0B-98C71247508F}.Release|Any CPU.Build.0 = Release|Any CPU
	EndGlobalSection
EndGlobal
